
Microsoft Visual Studio Solution File, Format Version 12.00
# Visual Studio Version 17
VisualStudioVersion = 17.8.34408.163
MinimumVisualStudioVersion = 10.0.40219.1
Project("{FAE04EC0-301F-11D3-BF4B-00C04F79EFBC}") = "PrimoProgetto", "PrimoProgetto\PrimoProgetto.csproj", "{CEA46D50-B43B-43C6-BB7D-56F57E0336BC}"
EndProject
Global
	GlobalSection(SolutionConfigurationPlatforms) = preSolution
		Debug|Any CPU = Debug|Any CPU
		Release|Any CPU = Release|Any CPU
	EndGlobalSection
	GlobalSection(ProjectConfigurationPlatforms) = postSolution
		{CEA46D50-B43B-43C6-BB7D-56F57E0336BC}.Debug|Any CPU.ActiveCfg = Debug|Any CPU
		{CEA46D50-B43B-43C6-BB7D-56F57E0336BC}.Debug|Any CPU.Build.0 = Debug|Any CPU
		{CEA46D50-B43B-43C6-BB7D-56F57E0336BC}.Release|Any CPU.ActiveCfg = Release|Any CPU
		{CEA46D50-B43B-43C6-BB7D-56F57E0336BC}.Release|Any CPU.Build.0 = Release|Any CPU
	EndGlobalSection
	GlobalSection(SolutionProperties) = preSolution
		HideSolutionNode = FALSE
	EndGlobalSection
	GlobalSection(ExtensibilityGlobals) = postSolution
		SolutionGuid = {98B3681F-E3EB-42A8-903A-F373B4D8A20B}
	EndGlobalSection
EndGlobal
